// !$*UTF8*$!
{
	archiveVersion = 1;
	classes = {
	};
	objectVersion = 50;
	objects = {

/* Begin PBXBuildFile section */
		B27048C125F1382E00792B7B /* AppDelegate.swift in Sources */ = {isa = PBXBuildFile; fileRef = B27048C025F1382E00792B7B /* AppDelegate.swift */; };
		B27048C325F1382E00792B7B /* SceneDelegate.swift in Sources */ = {isa = PBXBuildFile; fileRef = B27048C225F1382E00792B7B /* SceneDelegate.swift */; };
		B27048C525F1382E00792B7B /* ViewController.swift in Sources */ = {isa = PBXBuildFile; fileRef = B27048C425F1382E00792B7B /* ViewController.swift */; };
		B27048C825F1382E00792B7B /* Main.storyboard in Resources */ = {isa = PBXBuildFile; fileRef = B27048C625F1382E00792B7B /* Main.storyboard */; };
		B27048CA25F1382F00792B7B /* Assets.xcassets in Resources */ = {isa = PBXBuildFile; fileRef = B27048C925F1382F00792B7B /* Assets.xcassets */; };
		B27048CD25F1382F00792B7B /* LaunchScreen.storyboard in Resources */ = {isa = PBXBuildFile; fileRef = B27048CB25F1382F00792B7B /* LaunchScreen.storyboard */; };
		B27048D625F13B0F00792B7B /* MiddleViewController.swift in Sources */ = {isa = PBXBuildFile; fileRef = B27048D525F13B0F00792B7B /* MiddleViewController.swift */; };
		B27048D925F13B6F00792B7B /* LastViewController.swift in Sources */ = {isa = PBXBuildFile; fileRef = B27048D825F13B6F00792B7B /* LastViewController.swift */; };
/* End PBXBuildFile section */

/* Begin PBXFileReference section */
		B27048BD25F1382E00792B7B /* MicrosoftTechSupport.app */ = {isa = PBXFileReference; explicitFileType = wrapper.application; includeInIndex = 0; path = MicrosoftTechSupport.app; sourceTree = BUILT_PRODUCTS_DIR; };
		B27048C025F1382E00792B7B /* AppDelegate.swift */ = {isa = PBXFileReference; lastKnownFileType = sourcecode.swift; path = AppDelegate.swift; sourceTree = "<group>"; };
		B27048C225F1382E00792B7B /* SceneDelegate.swift */ = {isa = PBXFileReference; lastKnownFileType = sourcecode.swift; path = SceneDelegate.swift; sourceTree = "<group>"; };
		B27048C425F1382E00792B7B /* ViewController.swift */ = {isa = PBXFileReference; lastKnownFileType = sourcecode.swift; path = ViewController.swift; sourceTree = "<group>"; };
		B27048C725F1382E00792B7B /* Base */ = {isa = PBXFileReference; lastKnownFileType = file.storyboard; name = Base; path = Base.lproj/Main.storyboard; sourceTree = "<group>"; };
		B27048C925F1382F00792B7B /* Assets.xcassets */ = {isa = PBXFileReference; lastKnownFileType = folder.assetcatalog; path = Assets.xcassets; sourceTree = "<group>"; };
		B27048CC25F1382F00792B7B /* Base */ = {isa = PBXFileReference; lastKnownFileType = file.storyboard; name = Base; path = Base.lproj/LaunchScreen.storyboard; sourceTree = "<group>"; };
		B27048CE25F1382F00792B7B /* Info.plist */ = {isa = PBXFileReference; lastKnownFileType = text.plist.xml; path = Info.plist; sourceTree = "<group>"; };
		B27048D525F13B0F00792B7B /* MiddleViewController.swift */ = {isa = PBXFileReference; lastKnownFileType = sourcecode.swift; path = MiddleViewController.swift; sourceTree = "<group>"; };
		B27048D825F13B6F00792B7B /* LastViewController.swift */ = {isa = PBXFileReference; lastKnownFileType = sourcecode.swift; path = LastViewController.swift; sourceTree = "<group>"; };
/* End PBXFileReference section */

/* Begin PBXFrameworksBuildPhase section */
		B27048BA25F1382E00792B7B /* Frameworks */ = {
			isa = PBXFrameworksBuildPhase;
			buildActionMask = 2147483647;
			files = (
			);
			runOnlyForDeploymentPostprocessing = 0;
		};
/* End PBXFrameworksBuildPhase section */

/* Begin PBXGroup section */
		B27048B425F1382E00792B7B = {
			isa = PBXGroup;
			children = (
				B27048BF25F1382E00792B7B /* MicrosoftTechSupport */,
				B27048BE25F1382E00792B7B /* Products */,
			);
			sourceTree = "<group>";
		};
		B27048BE25F1382E00792B7B /* Products */ = {
			isa = PBXGroup;
			children = (
				B27048BD25F1382E00792B7B /* MicrosoftTechSupport.app */,
			);
			name = Products;
			sourceTree = "<group>";
		};
		B27048BF25F1382E00792B7B /* MicrosoftTechSupport */ = {
			isa = PBXGroup;
			children = (
				B27048C025F1382E00792B7B /* AppDelegate.swift */,
				B27048C225F1382E00792B7B /* SceneDelegate.swift */,
				B27048C425F1382E00792B7B /* ViewController.swift */,
				B27048C625F1382E00792B7B /* Main.storyboard */,
				B27048D525F13B0F00792B7B /* MiddleViewController.swift */,
				B27048D825F13B6F00792B7B /* LastViewController.swift */,
				B27048C925F1382F00792B7B /* Assets.xcassets */,
				B27048CB25F1382F00792B7B /* LaunchScreen.storyboard */,
				B27048CE25F1382F00792B7B /* Info.plist */,
			);
			path = MicrosoftTechSupport;
			sourceTree = "<group>";
		};
/* End PBXGroup section */

/* Begin PBXNativeTarget section */
		B27048BC25F1382E00792B7B /* MicrosoftTechSupport */ = {
			isa = PBXNativeTarget;
			buildConfigurationList = B27048D125F1382F00792B7B /* Build configuration list for PBXNativeTarget "MicrosoftTechSupport" */;
			buildPhases = (
				B27048B925F1382E00792B7B /* Sources */,
				B27048BA25F1382E00792B7B /* Frameworks */,
				B27048BB25F1382E00792B7B /* Resources */,
			);
			buildRules = (
			);
			dependencies = (
			);
			name = MicrosoftTechSupport;
			productName = MicrosoftTechSupport;
			productReference = B27048BD25F1382E00792B7B /* MicrosoftTechSupport.app */;
			productType = "com.apple.product-type.application";
		};
/* End PBXNativeTarget section */

/* Begin PBXProject section */
		B27048B525F1382E00792B7B /* Project object */ = {
			isa = PBXProject;
			attributes = {
				LastSwiftUpdateCheck = 1210;
				LastUpgradeCheck = 1210;
				TargetAttributes = {
					B27048BC25F1382E00792B7B = {
						CreatedOnToolsVersion = 12.1;
					};
				};
			};
			buildConfigurationList = B27048B825F1382E00792B7B /* Build configuration list for PBXProject "MicrosoftTechSupport" */;
			compatibilityVersion = "Xcode 9.3";
			developmentRegion = en;
			hasScannedForEncodings = 0;
			knownRegions = (
				en,
				Base,
			);
			mainGroup = B27048B425F1382E00792B7B;
			productRefGroup = B27048BE25F1382E00792B7B /* Products */;
			projectDirPath = "";
			projectRoot = "";
			targets = (
				B27048BC25F1382E00792B7B /* MicrosoftTechSupport */,
			);
		};
/* End PBXProject section */

/* Begin PBXResourcesBuildPhase section */
		B27048BB25F1382E00792B7B /* Resources */ = {
			isa = PBXResourcesBuildPhase;
			buildActionMask = 2147483647;
			files = (
				B27048CD25F1382F00792B7B /* LaunchScreen.storyboard in Resources */,
				B27048CA25F1382F00792B7B /* Assets.xcassets in Resources */,
				B27048C825F1382E00792B7B /* Main.storyboard in Resources */,
			);
			runOnlyForDeploymentPostprocessing = 0;
		};
/* End PBXResourcesBuildPhase section */

/* Begin PBXSourcesBuildPhase section */
		B27048B925F1382E00792B7B /* Sources */ = {
			isa = PBXSourcesBuildPhase;
			buildActionMask = 2147483647;
			files = (
				B27048C525F1382E00792B7B /* ViewController.swift in Sources */,
				B27048D925F13B6F00792B7B /* LastViewController.swift in Sources */,
				B27048C125F1382E00792B7B /* AppDelegate.swift in Sources */,
				B27048C325F1382E00792B7B /* SceneDelegate.swift in Sources */,
				B27048D625F13B0F00792B7B /* MiddleViewController.swift in Sources */,
			);
			runOnlyForDeploymentPostprocessing = 0;
		};
/* End PBXSourcesBuildPhase section */

/* Begin PBXVariantGroup section */
		B27048C625F1382E00792B7B /* Main.storyboard */ = {
			isa = PBXVariantGroup;
			children = (
				B27048C725F1382E00792B7B /* Base */,
			);
			name = Main.storyboard;
			sourceTree = "<group>";
		};
		B27048CB25F1382F00792B7B /* LaunchScreen.storyboard */ = {
			isa = PBXVariantGroup;
			children = (
				B27048CC25F1382F00792B7B /* Base */,
			);
			name = LaunchScreen.storyboard;
			sourceTree = "<group>";
		};
/* End PBXVariantGroup section */

/* Begin XCBuildConfiguration section */
		B27048CF25F1382F00792B7B /* Debug */ = {
			isa = XCBuildConfiguration;
			buildSettings = {
				ALWAYS_SEARCH_USER_PATHS = NO;
				CLANG_ANALYZER_NONNULL = YES;
				CLANG_ANALYZER_NUMBER_OBJECT_CONVERSION = YES_AGGRESSIVE;
				CLANG_CXX_LANGUAGE_STANDARD = "gnu++14";
				CLANG_CXX_LIBRARY = "libc++";
				CLANG_ENABLE_MODULES = YES;
				CLANG_ENABLE_OBJC_ARC = YES;
				CLANG_ENABLE_OBJC_WEAK = YES;
				CLANG_WARN_BLOCK_CAPTURE_AUTORELEASING = YES;
				CLANG_WARN_BOOL_CONVERSION = YES;
				CLANG_WARN_COMMA = YES;
				CLANG_WARN_CONSTANT_CONVERSION = YES;
				CLANG_WARN_DEPRECATED_OBJC_IMPLEMENTATIONS = YES;
				CLANG_WARN_DIRECT_OBJC_ISA_USAGE = YES_ERROR;
				CLANG_WARN_DOCUMENTATION_COMMENTS = YES;
				CLANG_WARN_EMPTY_BODY = YES;
				CLANG_WARN_ENUM_CONVERSION = YES;
				CLANG_WARN_INFINITE_RECURSION = YES;
				CLANG_WARN_INT_CONVERSION = YES;
				CLANG_WARN_NON_LITERAL_NULL_CONVERSION = YES;
				CLANG_WARN_OBJC_IMPLICIT_RETAIN_SELF = YES;
				CLANG_WARN_OBJC_LITERAL_CONVERSION = YES;
				CLANG_WARN_OBJC_ROOT_CLASS = YES_ERROR;
				CLANG_WARN_QUOTED_INCLUDE_IN_FRAMEWORK_HEADER = YES;
				CLANG_WARN_RANGE_LOOP_ANALYSIS = YES;
				CLANG_WARN_STRICT_PROTOTYPES = YES;
				CLANG_WARN_SUSPICIOUS_MOVE = YES;
				CLANG_WARN_UNGUARDED_AVAILABILITY = YES_AGGRESSIVE;
				CLANG_WARN_UNREACHABLE_CODE = YES;
				CLANG_WARN__DUPLICATE_METHOD_MATCH = YES;
				COPY_PHASE_STRIP = NO;
				DEBUG_INFORMATION_FORMAT = dwarf;
				ENABLE_STRICT_OBJC_MSGSEND = YES;
				ENABLE_TESTABILITY = YES;
				GCC_C_LANGUAGE_STANDARD = gnu11;
				GCC_DYNAMIC_NO_PIC = NO;
				GCC_NO_COMMON_BLOCKS = YES;
				GCC_OPTIMIZATION_LEVEL = 0;
				GCC_PREPROCESSOR_DEFINITIONS = (
					"DEBUG=1",
					"$(inherited)",
				);
				GCC_WARN_64_TO_32_BIT_CONVERSION = YES;
				GCC_WARN_ABOUT_RETURN_TYPE = YES_ERROR;
				GCC_WARN_UNDECLARED_SELECTOR = YES;
				GCC_WARN_UNINITIALIZED_AUTOS = YES_AGGRESSIVE;
				GCC_WARN_UNUSED_FUNCTION = YES;
				GCC_WARN_UNUSED_VARIABLE = YES;
				IPHONEOS_DEPLOYMENT_TARGET = 14.1;
				MTL_ENABLE_DEBUG_INFO = INCLUDE_SOURCE;
				MTL_FAST_MATH = YES;
				ONLY_ACTIVE_ARCH = YES;
				SDKROOT = iphoneos;
				SWIFT_ACTIVE_COMPILATION_CONDITIONS = DEBUG;
				SWIFT_OPTIMIZATION_LEVEL = "-Onone";
			};
			name = Debug;
		};
		B27048D025F1382F00792B7B /* Release */ = {
			isa = XCBuildConfiguration;
			buildSettings = {
				ALWAYS_SEARCH_USER_PATHS = NO;
				CLANG_ANALYZER_NONNULL = YES;
				CLANG_ANALYZER_NUMBER_OBJECT_CONVERSION = YES_AGGRESSIVE;
				CLANG_CXX_LANGUAGE_STANDARD = "gnu++14";
				CLANG_CXX_LIBRARY = "libc++";
				CLANG_ENABLE_MODULES = YES;
				CLANG_ENABLE_OBJC_ARC = YES;
				CLANG_ENABLE_OBJC_WEAK = YES;
				CLANG_WARN_BLOCK_CAPTURE_AUTORELEASING = YES;
				CLANG_WARN_BOOL_CONVERSION = YES;
				CLANG_WARN_COMMA = YES;
				CLANG_WARN_CONSTANT_CONVERSION = YES;
				CLANG_WARN_DEPRECATED_OBJC_IMPLEMENTATIONS = YES;
				CLANG_WARN_DIRECT_OBJC_ISA_USAGE = YES_ERROR;
				CLANG_WARN_DOCUMENTATION_COMMENTS = YES;
				CLANG_WARN_EMPTY_BODY = YES;
				CLANG_WARN_ENUM_CONVERSION = YES;
				CLANG_WARN_INFINITE_RECURSION = YES;
				CLANG_WARN_INT_CONVERSION = YES;
				CLANG_WARN_NON_LITERAL_NULL_CONVERSION = YES;
				CLANG_WARN_OBJC_IMPLICIT_RETAIN_SELF = YES;
				CLANG_WARN_OBJC_LITERAL_CONVERSION = YES;
				CLANG_WARN_OBJC_ROOT_CLASS = YES_ERROR;
				CLANG_WARN_QUOTED_INCLUDE_IN_FRAMEWORK_HEADER = YES;
				CLANG_WARN_RANGE_LOOP_ANALYSIS = YES;
				CLANG_WARN_STRICT_PROTOTYPES = YES;
				CLANG_WARN_SUSPICIOUS_MOVE = YES;
				CLANG_WARN_UNGUARDED_AVAILABILITY = YES_AGGRESSIVE;
				CLANG_WARN_UNREACHABLE_CODE = YES;
				CLANG_WARN__DUPLICATE_METHOD_MATCH = YES;
				COPY_PHASE_STRIP = NO;
				DEBUG_INFORMATION_FORMAT = "dwarf-with-dsym";
				ENABLE_NS_ASSERTIONS = NO;
				ENABLE_STRICT_OBJC_MSGSEND = YES;
				GCC_C_LANGUAGE_STANDARD = gnu11;
				GCC_NO_COMMON_BLOCKS = YES;
				GCC_WARN_64_TO_32_BIT_CONVERSION = YES;
				GCC_WARN_ABOUT_RETURN_TYPE = YES_ERROR;
				GCC_WARN_UNDECLARED_SELECTOR = YES;
				GCC_WARN_UNINITIALIZED_AUTOS = YES_AGGRESSIVE;
				GCC_WARN_UNUSED_FUNCTION = YES;
				GCC_WARN_UNUSED_VARIABLE = YES;
				IPHONEOS_DEPLOYMENT_TARGET = 14.1;
				MTL_ENABLE_DEBUG_INFO = NO;
				MTL_FAST_MATH = YES;
				SDKROOT = iphoneos;
				SWIFT_COMPILATION_MODE = wholemodule;
				SWIFT_OPTIMIZATION_LEVEL = "-O";
				VALIDATE_PRODUCT = YES;
			};
			name = Release;
		};
		B27048D225F1382F00792B7B /* Debug */ = {
			isa = XCBuildConfiguration;
			buildSettings = {
				ASSETCATALOG_COMPILER_APPICON_NAME = AppIcon;
				ASSETCATALOG_COMPILER_GLOBAL_ACCENT_COLOR_NAME = AccentColor;
				CODE_SIGN_STYLE = Automatic;
				INFOPLIST_FILE = MicrosoftTechSupport/Info.plist;
				LD_RUNPATH_SEARCH_PATHS = (
					"$(inherited)",
					"@executable_path/Frameworks",
				);
				PRODUCT_BUNDLE_IDENTIFIER = com.stampstephen.MicrosoftTechSupport;
				PRODUCT_NAME = "$(TARGET_NAME)";
				SWIFT_VERSION = 5.0;
				TARGETED_DEVICE_FAMILY = "1,2";
			};
			name = Debug;
		};
		B27048D325F1382F00792B7B /* Release */ = {
			isa = XCBuildConfiguration;
			buildSettings = {
				ASSETCATALOG_COMPILER_APPICON_NAME = AppIcon;
				ASSETCATALOG_COMPILER_GLOBAL_ACCENT_COLOR_NAME = AccentColor;
				CODE_SIGN_STYLE = Automatic;
				INFOPLIST_FILE = MicrosoftTechSupport/Info.plist;
				LD_RUNPATH_SEARCH_PATHS = (
					"$(inherited)",
					"@executable_path/Frameworks",
				);
				PRODUCT_BUNDLE_IDENTIFIER = com.stampstephen.MicrosoftTechSupport;
				PRODUCT_NAME = "$(TARGET_NAME)";
				SWIFT_VERSION = 5.0;
				TARGETED_DEVICE_FAMILY = "1,2";
			};
			name = Release;
		};
/* End XCBuildConfiguration section */

/* Begin XCConfigurationList section */
		B27048B825F1382E00792B7B /* Build configuration list for PBXProject "MicrosoftTechSupport" */ = {
			isa = XCConfigurationList;
			buildConfigurations = (
				B27048CF25F1382F00792B7B /* Debug */,
				B27048D025F1382F00792B7B /* Release */,
			);
			defaultConfigurationIsVisible = 0;
			defaultConfigurationName = Release;
		};
		B27048D125F1382F00792B7B /* Build configuration list for PBXNativeTarget "MicrosoftTechSupport" */ = {
			isa = XCConfigurationList;
			buildConfigurations = (
				B27048D225F1382F00792B7B /* Debug */,
				B27048D325F1382F00792B7B /* Release */,
			);
			defaultConfigurationIsVisible = 0;
			defaultConfigurationName = Release;
		};
/* End XCConfigurationList section */
	};
	rootObject = B27048B525F1382E00792B7B /* Project object */;
}
